
Microsoft Visual Studio Solution File, Format Version 12.00
# Visual Studio Version 16
VisualStudioVersion = 16.0.31424.327
MinimumVisualStudioVersion = 10.0.40219.1
Project("{FAE04EC0-301F-11D3-BF4B-00C04F79EFBC}") = "WebApi", "WebApi\WebApi.csproj", "{3256F033-15AE-4517-828A-810DF540F2B4}"
EndProject
Project("{FAE04EC0-301F-11D3-BF4B-00C04F79EFBC}") = "Domain", "Domain\Domain.csproj", "{E09344A1-B2F0-415F-B3FF-00285F4898C8}"
EndProject
Project("{FAE04EC0-301F-11D3-BF4B-00C04F79EFBC}") = "Application", "Application\Application.csproj", "{E1B99C8C-8797-4993-9F45-E67C160B55C7}"
EndProject
Project("{FAE04EC0-301F-11D3-BF4B-00C04F79EFBC}") = "Infrastructure", "Infrastructure\Infrastructure.csproj", "{9E437A21-C73C-45E6-BDD3-3D7DBE7F6C2B}"
EndProject
Project("{FAE04EC0-301F-11D3-BF4B-00C04F79EFBC}") = "Persistence", "Persistence\Persistence.csproj", "{1D1E6926-D140-4834-AA19-3FF9F274C2A2}"
EndProject
Global
	GlobalSection(SolutionConfigurationPlatforms) = preSolution
		Debug|Any CPU = Debug|Any CPU
		Release|Any CPU = Release|Any CPU
	EndGlobalSection
	GlobalSection(ProjectConfigurationPlatforms) = postSolution
		{3256F033-15AE-4517-828A-810DF540F2B4}.Debug|Any CPU.ActiveCfg = Debug|Any CPU
		{3256F033-15AE-4517-828A-810DF540F2B4}.Debug|Any CPU.Build.0 = Debug|Any CPU
		{3256F033-15AE-4517-828A-810DF540F2B4}.Release|Any CPU.ActiveCfg = Release|Any CPU
		{3256F033-15AE-4517-828A-810DF540F2B4}.Release|Any CPU.Build.0 = Release|Any CPU
		{E09344A1-B2F0-415F-B3FF-00285F4898C8}.Debug|Any CPU.ActiveCfg = Debug|Any CPU
		{E09344A1-B2F0-415F-B3FF-00285F4898C8}.Debug|Any CPU.Build.0 = Debug|Any CPU
		{E09344A1-B2F0-415F-B3FF-00285F4898C8}.Release|Any CPU.ActiveCfg = Release|Any CPU
		{E09344A1-B2F0-415F-B3FF-00285F4898C8}.Release|Any CPU.Build.0 = Release|Any CPU
		{E1B99C8C-8797-4993-9F45-E67C160B55C7}.Debug|Any CPU.ActiveCfg = Debug|Any CPU
		{E1B99C8C-8797-4993-9F45-E67C160B55C7}.Debug|Any CPU.Build.0 = Debug|Any CPU
		{E1B99C8C-8797-4993-9F45-E67C160B55C7}.Release|Any CPU.ActiveCfg = Release|Any CPU
		{E1B99C8C-8797-4993-9F45-E67C160B55C7}.Release|Any CPU.Build.0 = Release|Any CPU
		{9E437A21-C73C-45E6-BDD3-3D7DBE7F6C2B}.Debug|Any CPU.ActiveCfg = Debug|Any CPU
		{9E437A21-C73C-45E6-BDD3-3D7DBE7F6C2B}.Debug|Any CPU.Build.0 = Debug|Any CPU
		{9E437A21-C73C-45E6-BDD3-3D7DBE7F6C2B}.Release|Any CPU.ActiveCfg = Release|Any CPU
		{9E437A21-C73C-45E6-BDD3-3D7DBE7F6C2B}.Release|Any CPU.Build.0 = Release|Any CPU
		{1D1E6926-D140-4834-AA19-3FF9F274C2A2}.Debug|Any CPU.ActiveCfg = Debug|Any CPU
		{1D1E6926-D140-4834-AA19-3FF9F274C2A2}.Debug|Any CPU.Build.0 = Debug|Any CPU
		{1D1E6926-D140-4834-AA19-3FF9F274C2A2}.Release|Any CPU.ActiveCfg = Release|Any CPU
		{1D1E6926-D140-4834-AA19-3FF9F274C2A2}.Release|Any CPU.Build.0 = Release|Any CPU
	EndGlobalSection
	GlobalSection(SolutionProperties) = preSolution
		HideSolutionNode = FALSE
	EndGlobalSection
	GlobalSection(ExtensibilityGlobals) = postSolution
		SolutionGuid = {9295729E-9A1A-4BB7-AE4D-C5457DCE85E6}
	EndGlobalSection
EndGlobal
